// !$*UTF8*$!
{
	archiveVersion = 1;
	classes = {
	};
	objectVersion = 56;
	objects = {

/* Begin PBXBuildFile section */
		B45867132B24DF8C00A33367 /* PerformanceAnalyticsView.swift in Sources */ = {isa = PBXBuildFile; fileRef = B45867122B24DF8C00A33367 /* PerformanceAnalyticsView.swift */; };
		B45867152B24DFBD00A33367 /* TransactionsView.swift in Sources */ = {isa = PBXBuildFile; fileRef = B45867142B24DFBD00A33367 /* TransactionsView.swift */; };
		B45867172B24DFF600A33367 /* DashBoardView.swift in Sources */ = {isa = PBXBuildFile; fileRef = B45867162B24DFF600A33367 /* DashBoardView.swift */; };
		B45867192B24E34900A33367 /* TransactionHistoryView.swift in Sources */ = {isa = PBXBuildFile; fileRef = B45867182B24E34900A33367 /* TransactionHistoryView.swift */; };
		B458671B2B24EB6000A33367 /* TransactionHistoryDetails.swift in Sources */ = {isa = PBXBuildFile; fileRef = B458671A2B24EB6000A33367 /* TransactionHistoryDetails.swift */; };
		B45F65BF2B1942EC00602402 /* Veegil_Test_Bank_AppApp.swift in Sources */ = {isa = PBXBuildFile; fileRef = B45F65BE2B1942EC00602402 /* Veegil_Test_Bank_AppApp.swift */; };
		B45F65C12B1942EC00602402 /* ContentView.swift in Sources */ = {isa = PBXBuildFile; fileRef = B45F65C02B1942EC00602402 /* ContentView.swift */; };
		B45F65C32B1942EE00602402 /* Assets.xcassets in Resources */ = {isa = PBXBuildFile; fileRef = B45F65C22B1942EE00602402 /* Assets.xcassets */; };
		B45F65C62B1942EE00602402 /* Preview Assets.xcassets in Resources */ = {isa = PBXBuildFile; fileRef = B45F65C52B1942EE00602402 /* Preview Assets.xcassets */; };
		B45F65D02B1942EE00602402 /* Veegil_Test_Bank_AppTests.swift in Sources */ = {isa = PBXBuildFile; fileRef = B45F65CF2B1942EE00602402 /* Veegil_Test_Bank_AppTests.swift */; };
		B45F65DA2B1942EE00602402 /* Veegil_Test_Bank_AppUITests.swift in Sources */ = {isa = PBXBuildFile; fileRef = B45F65D92B1942EE00602402 /* Veegil_Test_Bank_AppUITests.swift */; };
		B45F65DC2B1942EE00602402 /* Veegil_Test_Bank_AppUITestsLaunchTests.swift in Sources */ = {isa = PBXBuildFile; fileRef = B45F65DB2B1942EE00602402 /* Veegil_Test_Bank_AppUITestsLaunchTests.swift */; };
/* End PBXBuildFile section */

/* Begin PBXContainerItemProxy section */
		B45F65CC2B1942EE00602402 /* PBXContainerItemProxy */ = {
			isa = PBXContainerItemProxy;
			containerPortal = B45F65B32B1942EC00602402 /* Project object */;
			proxyType = 1;
			remoteGlobalIDString = B45F65BA2B1942EC00602402;
			remoteInfo = Veegil_Test_Bank_App;
		};
		B45F65D62B1942EE00602402 /* PBXContainerItemProxy */ = {
			isa = PBXContainerItemProxy;
			containerPortal = B45F65B32B1942EC00602402 /* Project object */;
			proxyType = 1;
			remoteGlobalIDString = B45F65BA2B1942EC00602402;
			remoteInfo = Veegil_Test_Bank_App;
		};
/* End PBXContainerItemProxy section */

/* Begin PBXFileReference section */
		B45867122B24DF8C00A33367 /* PerformanceAnalyticsView.swift */ = {isa = PBXFileReference; lastKnownFileType = sourcecode.swift; path = PerformanceAnalyticsView.swift; sourceTree = "<group>"; };
		B45867142B24DFBD00A33367 /* TransactionsView.swift */ = {isa = PBXFileReference; lastKnownFileType = sourcecode.swift; path = TransactionsView.swift; sourceTree = "<group>"; };
		B45867162B24DFF600A33367 /* DashBoardView.swift */ = {isa = PBXFileReference; lastKnownFileType = sourcecode.swift; path = DashBoardView.swift; sourceTree = "<group>"; };
		B45867182B24E34900A33367 /* TransactionHistoryView.swift */ = {isa = PBXFileReference; lastKnownFileType = sourcecode.swift; path = TransactionHistoryView.swift; sourceTree = "<group>"; };
		B458671A2B24EB6000A33367 /* TransactionHistoryDetails.swift */ = {isa = PBXFileReference; lastKnownFileType = sourcecode.swift; path = TransactionHistoryDetails.swift; sourceTree = "<group>"; };
		B45F65BB2B1942EC00602402 /* Veegil_Test_Bank_App.app */ = {isa = PBXFileReference; explicitFileType = wrapper.application; includeInIndex = 0; path = Veegil_Test_Bank_App.app; sourceTree = BUILT_PRODUCTS_DIR; };
		B45F65BE2B1942EC00602402 /* Veegil_Test_Bank_AppApp.swift */ = {isa = PBXFileReference; lastKnownFileType = sourcecode.swift; path = Veegil_Test_Bank_AppApp.swift; sourceTree = "<group>"; };
		B45F65C02B1942EC00602402 /* ContentView.swift */ = {isa = PBXFileReference; lastKnownFileType = sourcecode.swift; path = ContentView.swift; sourceTree = "<group>"; };
		B45F65C22B1942EE00602402 /* Assets.xcassets */ = {isa = PBXFileReference; lastKnownFileType = folder.assetcatalog; path = Assets.xcassets; sourceTree = "<group>"; };
		B45F65C52B1942EE00602402 /* Preview Assets.xcassets */ = {isa = PBXFileReference; lastKnownFileType = folder.assetcatalog; path = "Preview Assets.xcassets"; sourceTree = "<group>"; };
		B45F65CB2B1942EE00602402 /* Veegil_Test_Bank_AppTests.xctest */ = {isa = PBXFileReference; explicitFileType = wrapper.cfbundle; includeInIndex = 0; path = Veegil_Test_Bank_AppTests.xctest; sourceTree = BUILT_PRODUCTS_DIR; };
		B45F65CF2B1942EE00602402 /* Veegil_Test_Bank_AppTests.swift */ = {isa = PBXFileReference; lastKnownFileType = sourcecode.swift; path = Veegil_Test_Bank_AppTests.swift; sourceTree = "<group>"; };
		B45F65D52B1942EE00602402 /* Veegil_Test_Bank_AppUITests.xctest */ = {isa = PBXFileReference; explicitFileType = wrapper.cfbundle; includeInIndex = 0; path = Veegil_Test_Bank_AppUITests.xctest; sourceTree = BUILT_PRODUCTS_DIR; };
		B45F65D92B1942EE00602402 /* Veegil_Test_Bank_AppUITests.swift */ = {isa = PBXFileReference; lastKnownFileType = sourcecode.swift; path = Veegil_Test_Bank_AppUITests.swift; sourceTree = "<group>"; };
		B45F65DB2B1942EE00602402 /* Veegil_Test_Bank_AppUITestsLaunchTests.swift */ = {isa = PBXFileReference; lastKnownFileType = sourcecode.swift; path = Veegil_Test_Bank_AppUITestsLaunchTests.swift; sourceTree = "<group>"; };
/* End PBXFileReference section */

/* Begin PBXFrameworksBuildPhase section */
		B45F65B82B1942EC00602402 /* Frameworks */ = {
			isa = PBXFrameworksBuildPhase;
			buildActionMask = 2147483647;
			files = (
			);
			runOnlyForDeploymentPostprocessing = 0;
		};
		B45F65C82B1942EE00602402 /* Frameworks */ = {
			isa = PBXFrameworksBuildPhase;
			buildActionMask = 2147483647;
			files = (
			);
			runOnlyForDeploymentPostprocessing = 0;
		};
		B45F65D22B1942EE00602402 /* Frameworks */ = {
			isa = PBXFrameworksBuildPhase;
			buildActionMask = 2147483647;
			files = (
			);
			runOnlyForDeploymentPostprocessing = 0;
		};
/* End PBXFrameworksBuildPhase section */

/* Begin PBXGroup section */
		B458670E2B24DF3A00A33367 /* Views */ = {
			isa = PBXGroup;
			children = (
				B45867122B24DF8C00A33367 /* PerformanceAnalyticsView.swift */,
				B45867142B24DFBD00A33367 /* TransactionsView.swift */,
				B45867162B24DFF600A33367 /* DashBoardView.swift */,
				B45867182B24E34900A33367 /* TransactionHistoryView.swift */,
				B458671A2B24EB6000A33367 /* TransactionHistoryDetails.swift */,
			);
			path = Views;
			sourceTree = "<group>";
		};
		B458670F2B24DF4600A33367 /* ViewModels */ = {
			isa = PBXGroup;
			children = (
			);
			path = ViewModels;
			sourceTree = "<group>";
		};
		B45867102B24DF4F00A33367 /* Models */ = {
			isa = PBXGroup;
			children = (
			);
			path = Models;
			sourceTree = "<group>";
		};
		B45867112B24DF5700A33367 /* Utilities */ = {
			isa = PBXGroup;
			children = (
			);
			path = Utilities;
			sourceTree = "<group>";
		};
		B45F65B22B1942EC00602402 = {
			isa = PBXGroup;
			children = (
				B45F65BD2B1942EC00602402 /* Veegil_Test_Bank_App */,
				B45F65CE2B1942EE00602402 /* Veegil_Test_Bank_AppTests */,
				B45F65D82B1942EE00602402 /* Veegil_Test_Bank_AppUITests */,
				B45F65BC2B1942EC00602402 /* Products */,
			);
			sourceTree = "<group>";
		};
		B45F65BC2B1942EC00602402 /* Products */ = {
			isa = PBXGroup;
			children = (
				B45F65BB2B1942EC00602402 /* Veegil_Test_Bank_App.app */,
				B45F65CB2B1942EE00602402 /* Veegil_Test_Bank_AppTests.xctest */,
				B45F65D52B1942EE00602402 /* Veegil_Test_Bank_AppUITests.xctest */,
			);
			name = Products;
			sourceTree = "<group>";
		};
		B45F65BD2B1942EC00602402 /* Veegil_Test_Bank_App */ = {
			isa = PBXGroup;
			children = (
				B45867112B24DF5700A33367 /* Utilities */,
				B45867102B24DF4F00A33367 /* Models */,
				B458670F2B24DF4600A33367 /* ViewModels */,
				B458670E2B24DF3A00A33367 /* Views */,
				B45F65BE2B1942EC00602402 /* Veegil_Test_Bank_AppApp.swift */,
				B45F65C02B1942EC00602402 /* ContentView.swift */,
				B45F65C22B1942EE00602402 /* Assets.xcassets */,
				B45F65E82B19433000602402 /* App */,
				B45F65C42B1942EE00602402 /* Preview Content */,
			);
			path = Veegil_Test_Bank_App;
			sourceTree = "<group>";
		};
		B45F65C42B1942EE00602402 /* Preview Content */ = {
			isa = PBXGroup;
			children = (
				B45F65C52B1942EE00602402 /* Preview Assets.xcassets */,
			);
			path = "Preview Content";
			sourceTree = "<group>";
		};
		B45F65CE2B1942EE00602402 /* Veegil_Test_Bank_AppTests */ = {
			isa = PBXGroup;
			children = (
				B45F65CF2B1942EE00602402 /* Veegil_Test_Bank_AppTests.swift */,
			);
			path = Veegil_Test_Bank_AppTests;
			sourceTree = "<group>";
		};
		B45F65D82B1942EE00602402 /* Veegil_Test_Bank_AppUITests */ = {
			isa = PBXGroup;
			children = (
				B45F65D92B1942EE00602402 /* Veegil_Test_Bank_AppUITests.swift */,
				B45F65DB2B1942EE00602402 /* Veegil_Test_Bank_AppUITestsLaunchTests.swift */,
			);
			path = Veegil_Test_Bank_AppUITests;
			sourceTree = "<group>";
		};
		B45F65E82B19433000602402 /* App */ = {
			isa = PBXGroup;
			children = (
				B45F65EC2B19437600602402 /* Models */,
				B45F65E92B19435900602402 /* Utilities */,
				B45F65ED2B1943AF00602402 /* ViewModels */,
				B45F65EB2B19436B00602402 /* Views */,
			);
			path = App;
			sourceTree = "<group>";
		};
		B45F65E92B19435900602402 /* Utilities */ = {
			isa = PBXGroup;
			children = (
			);
			path = Utilities;
			sourceTree = "<group>";
		};
		B45F65EB2B19436B00602402 /* Views */ = {
			isa = PBXGroup;
			children = (
			);
			path = Views;
			sourceTree = "<group>";
		};
		B45F65EC2B19437600602402 /* Models */ = {
			isa = PBXGroup;
			children = (
			);
			path = Models;
			sourceTree = "<group>";
		};
		B45F65ED2B1943AF00602402 /* ViewModels */ = {
			isa = PBXGroup;
			children = (
			);
			path = ViewModels;
			sourceTree = "<group>";
		};
/* End PBXGroup section */

/* Begin PBXNativeTarget section */
		B45F65BA2B1942EC00602402 /* Veegil_Test_Bank_App */ = {
			isa = PBXNativeTarget;
			buildConfigurationList = B45F65DF2B1942EE00602402 /* Build configuration list for PBXNativeTarget "Veegil_Test_Bank_App" */;
			buildPhases = (
				B45F65B72B1942EC00602402 /* Sources */,
				B45F65B82B1942EC00602402 /* Frameworks */,
				B45F65B92B1942EC00602402 /* Resources */,
			);
			buildRules = (
			);
			dependencies = (
			);
			name = Veegil_Test_Bank_App;
			productName = Veegil_Test_Bank_App;
			productReference = B45F65BB2B1942EC00602402 /* Veegil_Test_Bank_App.app */;
			productType = "com.apple.product-type.application";
		};
		B45F65CA2B1942EE00602402 /* Veegil_Test_Bank_AppTests */ = {
			isa = PBXNativeTarget;
			buildConfigurationList = B45F65E22B1942EE00602402 /* Build configuration list for PBXNativeTarget "Veegil_Test_Bank_AppTests" */;
			buildPhases = (
				B45F65C72B1942EE00602402 /* Sources */,
				B45F65C82B1942EE00602402 /* Frameworks */,
				B45F65C92B1942EE00602402 /* Resources */,
			);
			buildRules = (
			);
			dependencies = (
				B45F65CD2B1942EE00602402 /* PBXTargetDependency */,
			);
			name = Veegil_Test_Bank_AppTests;
			productName = Veegil_Test_Bank_AppTests;
			productReference = B45F65CB2B1942EE00602402 /* Veegil_Test_Bank_AppTests.xctest */;
			productType = "com.apple.product-type.bundle.unit-test";
		};
		B45F65D42B1942EE00602402 /* Veegil_Test_Bank_AppUITests */ = {
			isa = PBXNativeTarget;
			buildConfigurationList = B45F65E52B1942EE00602402 /* Build configuration list for PBXNativeTarget "Veegil_Test_Bank_AppUITests" */;
			buildPhases = (
				B45F65D12B1942EE00602402 /* Sources */,
				B45F65D22B1942EE00602402 /* Frameworks */,
				B45F65D32B1942EE00602402 /* Resources */,
			);
			buildRules = (
			);
			dependencies = (
				B45F65D72B1942EE00602402 /* PBXTargetDependency */,
			);
			name = Veegil_Test_Bank_AppUITests;
			productName = Veegil_Test_Bank_AppUITests;
			productReference = B45F65D52B1942EE00602402 /* Veegil_Test_Bank_AppUITests.xctest */;
			productType = "com.apple.product-type.bundle.ui-testing";
		};
/* End PBXNativeTarget section */

/* Begin PBXProject section */
		B45F65B32B1942EC00602402 /* Project object */ = {
			isa = PBXProject;
			attributes = {
				BuildIndependentTargetsInParallel = 1;
				LastSwiftUpdateCheck = 1420;
				LastUpgradeCheck = 1420;
				TargetAttributes = {
					B45F65BA2B1942EC00602402 = {
						CreatedOnToolsVersion = 14.2;
					};
					B45F65CA2B1942EE00602402 = {
						CreatedOnToolsVersion = 14.2;
						TestTargetID = B45F65BA2B1942EC00602402;
					};
					B45F65D42B1942EE00602402 = {
						CreatedOnToolsVersion = 14.2;
						TestTargetID = B45F65BA2B1942EC00602402;
					};
				};
			};
			buildConfigurationList = B45F65B62B1942EC00602402 /* Build configuration list for PBXProject "Veegil_Test_Bank_App" */;
			compatibilityVersion = "Xcode 14.0";
			developmentRegion = en;
			hasScannedForEncodings = 0;
			knownRegions = (
				en,
				Base,
			);
			mainGroup = B45F65B22B1942EC00602402;
			productRefGroup = B45F65BC2B1942EC00602402 /* Products */;
			projectDirPath = "";
			projectRoot = "";
			targets = (
				B45F65BA2B1942EC00602402 /* Veegil_Test_Bank_App */,
				B45F65CA2B1942EE00602402 /* Veegil_Test_Bank_AppTests */,
				B45F65D42B1942EE00602402 /* Veegil_Test_Bank_AppUITests */,
			);
		};
/* End PBXProject section */

/* Begin PBXResourcesBuildPhase section */
		B45F65B92B1942EC00602402 /* Resources */ = {
			isa = PBXResourcesBuildPhase;
			buildActionMask = 2147483647;
			files = (
				B45F65C62B1942EE00602402 /* Preview Assets.xcassets in Resources */,
				B45F65C32B1942EE00602402 /* Assets.xcassets in Resources */,
			);
			runOnlyForDeploymentPostprocessing = 0;
		};
		B45F65C92B1942EE00602402 /* Resources */ = {
			isa = PBXResourcesBuildPhase;
			buildActionMask = 2147483647;
			files = (
			);
			runOnlyForDeploymentPostprocessing = 0;
		};
		B45F65D32B1942EE00602402 /* Resources */ = {
			isa = PBXResourcesBuildPhase;
			buildActionMask = 2147483647;
			files = (
			);
			runOnlyForDeploymentPostprocessing = 0;
		};
/* End PBXResourcesBuildPhase section */

/* Begin PBXSourcesBuildPhase section */
		B45F65B72B1942EC00602402 /* Sources */ = {
			isa = PBXSourcesBuildPhase;
			buildActionMask = 2147483647;
			files = (
				B45F65C12B1942EC00602402 /* ContentView.swift in Sources */,
				B45867172B24DFF600A33367 /* DashBoardView.swift in Sources */,
				B45867152B24DFBD00A33367 /* TransactionsView.swift in Sources */,
				B45867132B24DF8C00A33367 /* PerformanceAnalyticsView.swift in Sources */,
				B45867192B24E34900A33367 /* TransactionHistoryView.swift in Sources */,
				B458671B2B24EB6000A33367 /* TransactionHistoryDetails.swift in Sources */,
				B45F65BF2B1942EC00602402 /* Veegil_Test_Bank_AppApp.swift in Sources */,
			);
			runOnlyForDeploymentPostprocessing = 0;
		};
		B45F65C72B1942EE00602402 /* Sources */ = {
			isa = PBXSourcesBuildPhase;
			buildActionMask = 2147483647;
			files = (
				B45F65D02B1942EE00602402 /* Veegil_Test_Bank_AppTests.swift in Sources */,
			);
			runOnlyForDeploymentPostprocessing = 0;
		};
		B45F65D12B1942EE00602402 /* Sources */ = {
			isa = PBXSourcesBuildPhase;
			buildActionMask = 2147483647;
			files = (
				B45F65DC2B1942EE00602402 /* Veegil_Test_Bank_AppUITestsLaunchTests.swift in Sources */,
				B45F65DA2B1942EE00602402 /* Veegil_Test_Bank_AppUITests.swift in Sources */,
			);
			runOnlyForDeploymentPostprocessing = 0;
		};
/* End PBXSourcesBuildPhase section */

/* Begin PBXTargetDependency section */
		B45F65CD2B1942EE00602402 /* PBXTargetDependency */ = {
			isa = PBXTargetDependency;
			target = B45F65BA2B1942EC00602402 /* Veegil_Test_Bank_App */;
			targetProxy = B45F65CC2B1942EE00602402 /* PBXContainerItemProxy */;
		};
		B45F65D72B1942EE00602402 /* PBXTargetDependency */ = {
			isa = PBXTargetDependency;
			target = B45F65BA2B1942EC00602402 /* Veegil_Test_Bank_App */;
			targetProxy = B45F65D62B1942EE00602402 /* PBXContainerItemProxy */;
		};
/* End PBXTargetDependency section */

/* Begin XCBuildConfiguration section */
		B45F65DD2B1942EE00602402 /* Debug */ = {
			isa = XCBuildConfiguration;
			buildSettings = {
				ALWAYS_SEARCH_USER_PATHS = NO;
				CLANG_ANALYZER_NONNULL = YES;
				CLANG_ANALYZER_NUMBER_OBJECT_CONVERSION = YES_AGGRESSIVE;
				CLANG_CXX_LANGUAGE_STANDARD = "gnu++20";
				CLANG_ENABLE_MODULES = YES;
				CLANG_ENABLE_OBJC_ARC = YES;
				CLANG_ENABLE_OBJC_WEAK = YES;
				CLANG_WARN_BLOCK_CAPTURE_AUTORELEASING = YES;
				CLANG_WARN_BOOL_CONVERSION = YES;
				CLANG_WARN_COMMA = YES;
				CLANG_WARN_CONSTANT_CONVERSION = YES;
				CLANG_WARN_DEPRECATED_OBJC_IMPLEMENTATIONS = YES;
				CLANG_WARN_DIRECT_OBJC_ISA_USAGE = YES_ERROR;
				CLANG_WARN_DOCUMENTATION_COMMENTS = YES;
				CLANG_WARN_EMPTY_BODY = YES;
				CLANG_WARN_ENUM_CONVERSION = YES;
				CLANG_WARN_INFINITE_RECURSION = YES;
				CLANG_WARN_INT_CONVERSION = YES;
				CLANG_WARN_NON_LITERAL_NULL_CONVERSION = YES;
				CLANG_WARN_OBJC_IMPLICIT_RETAIN_SELF = YES;
				CLANG_WARN_OBJC_LITERAL_CONVERSION = YES;
				CLANG_WARN_OBJC_ROOT_CLASS = YES_ERROR;
				CLANG_WARN_QUOTED_INCLUDE_IN_FRAMEWORK_HEADER = YES;
				CLANG_WARN_RANGE_LOOP_ANALYSIS = YES;
				CLANG_WARN_STRICT_PROTOTYPES = YES;
				CLANG_WARN_SUSPICIOUS_MOVE = YES;
				CLANG_WARN_UNGUARDED_AVAILABILITY = YES_AGGRESSIVE;
				CLANG_WARN_UNREACHABLE_CODE = YES;
				CLANG_WARN__DUPLICATE_METHOD_MATCH = YES;
				COPY_PHASE_STRIP = NO;
				DEBUG_INFORMATION_FORMAT = dwarf;
				ENABLE_STRICT_OBJC_MSGSEND = YES;
				ENABLE_TESTABILITY = YES;
				GCC_C_LANGUAGE_STANDARD = gnu11;
				GCC_DYNAMIC_NO_PIC = NO;
				GCC_NO_COMMON_BLOCKS = YES;
				GCC_OPTIMIZATION_LEVEL = 0;
				GCC_PREPROCESSOR_DEFINITIONS = (
					"DEBUG=1",
					"$(inherited)",
				);
				GCC_WARN_64_TO_32_BIT_CONVERSION = YES;
				GCC_WARN_ABOUT_RETURN_TYPE = YES_ERROR;
				GCC_WARN_UNDECLARED_SELECTOR = YES;
				GCC_WARN_UNINITIALIZED_AUTOS = YES_AGGRESSIVE;
				GCC_WARN_UNUSED_FUNCTION = YES;
				GCC_WARN_UNUSED_VARIABLE = YES;
				IPHONEOS_DEPLOYMENT_TARGET = 16.2;
				MTL_ENABLE_DEBUG_INFO = INCLUDE_SOURCE;
				MTL_FAST_MATH = YES;
				ONLY_ACTIVE_ARCH = YES;
				SDKROOT = iphoneos;
				SWIFT_ACTIVE_COMPILATION_CONDITIONS = DEBUG;
				SWIFT_OPTIMIZATION_LEVEL = "-Onone";
			};
			name = Debug;
		};
		B45F65DE2B1942EE00602402 /* Release */ = {
			isa = XCBuildConfiguration;
			buildSettings = {
				ALWAYS_SEARCH_USER_PATHS = NO;
				CLANG_ANALYZER_NONNULL = YES;
				CLANG_ANALYZER_NUMBER_OBJECT_CONVERSION = YES_AGGRESSIVE;
				CLANG_CXX_LANGUAGE_STANDARD = "gnu++20";
				CLANG_ENABLE_MODULES = YES;
				CLANG_ENABLE_OBJC_ARC = YES;
				CLANG_ENABLE_OBJC_WEAK = YES;
				CLANG_WARN_BLOCK_CAPTURE_AUTORELEASING = YES;
				CLANG_WARN_BOOL_CONVERSION = YES;
				CLANG_WARN_COMMA = YES;
				CLANG_WARN_CONSTANT_CONVERSION = YES;
				CLANG_WARN_DEPRECATED_OBJC_IMPLEMENTATIONS = YES;
				CLANG_WARN_DIRECT_OBJC_ISA_USAGE = YES_ERROR;
				CLANG_WARN_DOCUMENTATION_COMMENTS = YES;
				CLANG_WARN_EMPTY_BODY = YES;
				CLANG_WARN_ENUM_CONVERSION = YES;
				CLANG_WARN_INFINITE_RECURSION = YES;
				CLANG_WARN_INT_CONVERSION = YES;
				CLANG_WARN_NON_LITERAL_NULL_CONVERSION = YES;
				CLANG_WARN_OBJC_IMPLICIT_RETAIN_SELF = YES;
				CLANG_WARN_OBJC_LITERAL_CONVERSION = YES;
				CLANG_WARN_OBJC_ROOT_CLASS = YES_ERROR;
				CLANG_WARN_QUOTED_INCLUDE_IN_FRAMEWORK_HEADER = YES;
				CLANG_WARN_RANGE_LOOP_ANALYSIS = YES;
				CLANG_WARN_STRICT_PROTOTYPES = YES;
				CLANG_WARN_SUSPICIOUS_MOVE = YES;
				CLANG_WARN_UNGUARDED_AVAILABILITY = YES_AGGRESSIVE;
				CLANG_WARN_UNREACHABLE_CODE = YES;
				CLANG_WARN__DUPLICATE_METHOD_MATCH = YES;
				COPY_PHASE_STRIP = NO;
				DEBUG_INFORMATION_FORMAT = "dwarf-with-dsym";
				ENABLE_NS_ASSERTIONS = NO;
				ENABLE_STRICT_OBJC_MSGSEND = YES;
				GCC_C_LANGUAGE_STANDARD = gnu11;
				GCC_NO_COMMON_BLOCKS = YES;
				GCC_WARN_64_TO_32_BIT_CONVERSION = YES;
				GCC_WARN_ABOUT_RETURN_TYPE = YES_ERROR;
				GCC_WARN_UNDECLARED_SELECTOR = YES;
				GCC_WARN_UNINITIALIZED_AUTOS = YES_AGGRESSIVE;
				GCC_WARN_UNUSED_FUNCTION = YES;
				GCC_WARN_UNUSED_VARIABLE = YES;
				IPHONEOS_DEPLOYMENT_TARGET = 16.2;
				MTL_ENABLE_DEBUG_INFO = NO;
				MTL_FAST_MATH = YES;
				SDKROOT = iphoneos;
				SWIFT_COMPILATION_MODE = wholemodule;
				SWIFT_OPTIMIZATION_LEVEL = "-O";
				VALIDATE_PRODUCT = YES;
			};
			name = Release;
		};
		B45F65E02B1942EE00602402 /* Debug */ = {
			isa = XCBuildConfiguration;
			buildSettings = {
				ASSETCATALOG_COMPILER_APPICON_NAME = AppIcon;
				ASSETCATALOG_COMPILER_GLOBAL_ACCENT_COLOR_NAME = AccentColor;
				CODE_SIGN_STYLE = Automatic;
				CURRENT_PROJECT_VERSION = 1;
				DEVELOPMENT_ASSET_PATHS = "\"Veegil_Test_Bank_App/Preview Content\"";
				DEVELOPMENT_TEAM = A4732256HA;
				ENABLE_PREVIEWS = YES;
				GENERATE_INFOPLIST_FILE = YES;
				INFOPLIST_KEY_UIApplicationSceneManifest_Generation = YES;
				INFOPLIST_KEY_UIApplicationSupportsIndirectInputEvents = YES;
				INFOPLIST_KEY_UILaunchScreen_Generation = YES;
				INFOPLIST_KEY_UISupportedInterfaceOrientations_iPad = "UIInterfaceOrientationPortrait UIInterfaceOrientationPortraitUpsideDown UIInterfaceOrientationLandscapeLeft UIInterfaceOrientationLandscapeRight";
				INFOPLIST_KEY_UISupportedInterfaceOrientations_iPhone = "UIInterfaceOrientationPortrait UIInterfaceOrientationLandscapeLeft UIInterfaceOrientationLandscapeRight";
				LD_RUNPATH_SEARCH_PATHS = (
					"$(inherited)",
					"@executable_path/Frameworks",
				);
				MARKETING_VERSION = 1.0;
				PRODUCT_BUNDLE_IDENTIFIER = "com.fugoku.Veegil-Test-Bank-App";
				PRODUCT_NAME = "$(TARGET_NAME)";
				SWIFT_EMIT_LOC_STRINGS = YES;
				SWIFT_VERSION = 5.0;
				TARGETED_DEVICE_FAMILY = "1,2";
			};
			name = Debug;
		};
		B45F65E12B1942EE00602402 /* Release */ = {
			isa = XCBuildConfiguration;
			buildSettings = {
				ASSETCATALOG_COMPILER_APPICON_NAME = AppIcon;
				ASSETCATALOG_COMPILER_GLOBAL_ACCENT_COLOR_NAME = AccentColor;
				CODE_SIGN_STYLE = Automatic;
				CURRENT_PROJECT_VERSION = 1;
				DEVELOPMENT_ASSET_PATHS = "\"Veegil_Test_Bank_App/Preview Content\"";
				DEVELOPMENT_TEAM = A4732256HA;
				ENABLE_PREVIEWS = YES;
				GENERATE_INFOPLIST_FILE = YES;
				INFOPLIST_KEY_UIApplicationSceneManifest_Generation = YES;
				INFOPLIST_KEY_UIApplicationSupportsIndirectInputEvents = YES;
				INFOPLIST_KEY_UILaunchScreen_Generation = YES;
				INFOPLIST_KEY_UISupportedInterfaceOrientations_iPad = "UIInterfaceOrientationPortrait UIInterfaceOrientationPortraitUpsideDown UIInterfaceOrientationLandscapeLeft UIInterfaceOrientationLandscapeRight";
				INFOPLIST_KEY_UISupportedInterfaceOrientations_iPhone = "UIInterfaceOrientationPortrait UIInterfaceOrientationLandscapeLeft UIInterfaceOrientationLandscapeRight";
				LD_RUNPATH_SEARCH_PATHS = (
					"$(inherited)",
					"@executable_path/Frameworks",
				);
				MARKETING_VERSION = 1.0;
				PRODUCT_BUNDLE_IDENTIFIER = "com.fugoku.Veegil-Test-Bank-App";
				PRODUCT_NAME = "$(TARGET_NAME)";
				SWIFT_EMIT_LOC_STRINGS = YES;
				SWIFT_VERSION = 5.0;
				TARGETED_DEVICE_FAMILY = "1,2";
			};
			name = Release;
		};
		B45F65E32B1942EE00602402 /* Debug */ = {
			isa = XCBuildConfiguration;
			buildSettings = {
				ALWAYS_EMBED_SWIFT_STANDARD_LIBRARIES = YES;
				BUNDLE_LOADER = "$(TEST_HOST)";
				CODE_SIGN_STYLE = Automatic;
				CURRENT_PROJECT_VERSION = 1;
				DEVELOPMENT_TEAM = A4732256HA;
				GENERATE_INFOPLIST_FILE = YES;
				IPHONEOS_DEPLOYMENT_TARGET = 16.2;
				MARKETING_VERSION = 1.0;
				PRODUCT_BUNDLE_IDENTIFIER = "com.fugoku.Veegil-Test-Bank-AppTests";
				PRODUCT_NAME = "$(TARGET_NAME)";
				SWIFT_EMIT_LOC_STRINGS = NO;
				SWIFT_VERSION = 5.0;
				TARGETED_DEVICE_FAMILY = "1,2";
				TEST_HOST = "$(BUILT_PRODUCTS_DIR)/Veegil_Test_Bank_App.app/$(BUNDLE_EXECUTABLE_FOLDER_PATH)/Veegil_Test_Bank_App";
			};
			name = Debug;
		};
		B45F65E42B1942EE00602402 /* Release */ = {
			isa = XCBuildConfiguration;
			buildSettings = {
				ALWAYS_EMBED_SWIFT_STANDARD_LIBRARIES = YES;
				BUNDLE_LOADER = "$(TEST_HOST)";
				CODE_SIGN_STYLE = Automatic;
				CURRENT_PROJECT_VERSION = 1;
				DEVELOPMENT_TEAM = A4732256HA;
				GENERATE_INFOPLIST_FILE = YES;
				IPHONEOS_DEPLOYMENT_TARGET = 16.2;
				MARKETING_VERSION = 1.0;
				PRODUCT_BUNDLE_IDENTIFIER = "com.fugoku.Veegil-Test-Bank-AppTests";
				PRODUCT_NAME = "$(TARGET_NAME)";
				SWIFT_EMIT_LOC_STRINGS = NO;
				SWIFT_VERSION = 5.0;
				TARGETED_DEVICE_FAMILY = "1,2";
				TEST_HOST = "$(BUILT_PRODUCTS_DIR)/Veegil_Test_Bank_App.app/$(BUNDLE_EXECUTABLE_FOLDER_PATH)/Veegil_Test_Bank_App";
			};
			name = Release;
		};
		B45F65E62B1942EE00602402 /* Debug */ = {
			isa = XCBuildConfiguration;
			buildSettings = {
				ALWAYS_EMBED_SWIFT_STANDARD_LIBRARIES = YES;
				CODE_SIGN_STYLE = Automatic;
				CURRENT_PROJECT_VERSION = 1;
				DEVELOPMENT_TEAM = A4732256HA;
				GENERATE_INFOPLIST_FILE = YES;
				MARKETING_VERSION = 1.0;
				PRODUCT_BUNDLE_IDENTIFIER = "com.fugoku.Veegil-Test-Bank-AppUITests";
				PRODUCT_NAME = "$(TARGET_NAME)";
				SWIFT_EMIT_LOC_STRINGS = NO;
				SWIFT_VERSION = 5.0;
				TARGETED_DEVICE_FAMILY = "1,2";
				TEST_TARGET_NAME = Veegil_Test_Bank_App;
			};
			name = Debug;
		};
		B45F65E72B1942EE00602402 /* Release */ = {
			isa = XCBuildConfiguration;
			buildSettings = {
				ALWAYS_EMBED_SWIFT_STANDARD_LIBRARIES = YES;
				CODE_SIGN_STYLE = Automatic;
				CURRENT_PROJECT_VERSION = 1;
				DEVELOPMENT_TEAM = A4732256HA;
				GENERATE_INFOPLIST_FILE = YES;
				MARKETING_VERSION = 1.0;
				PRODUCT_BUNDLE_IDENTIFIER = "com.fugoku.Veegil-Test-Bank-AppUITests";
				PRODUCT_NAME = "$(TARGET_NAME)";
				SWIFT_EMIT_LOC_STRINGS = NO;
				SWIFT_VERSION = 5.0;
				TARGETED_DEVICE_FAMILY = "1,2";
				TEST_TARGET_NAME = Veegil_Test_Bank_App;
			};
			name = Release;
		};
/* End XCBuildConfiguration section */

/* Begin XCConfigurationList section */
		B45F65B62B1942EC00602402 /* Build configuration list for PBXProject "Veegil_Test_Bank_App" */ = {
			isa = XCConfigurationList;
			buildConfigurations = (
				B45F65DD2B1942EE00602402 /* Debug */,
				B45F65DE2B1942EE00602402 /* Release */,
			);
			defaultConfigurationIsVisible = 0;
			defaultConfigurationName = Release;
		};
		B45F65DF2B1942EE00602402 /* Build configuration list for PBXNativeTarget "Veegil_Test_Bank_App" */ = {
			isa = XCConfigurationList;
			buildConfigurations = (
				B45F65E02B1942EE00602402 /* Debug */,
				B45F65E12B1942EE00602402 /* Release */,
			);
			defaultConfigurationIsVisible = 0;
			defaultConfigurationName = Release;
		};
		B45F65E22B1942EE00602402 /* Build configuration list for PBXNativeTarget "Veegil_Test_Bank_AppTests" */ = {
			isa = XCConfigurationList;
			buildConfigurations = (
				B45F65E32B1942EE00602402 /* Debug */,
				B45F65E42B1942EE00602402 /* Release */,
			);
			defaultConfigurationIsVisible = 0;
			defaultConfigurationName = Release;
		};
		B45F65E52B1942EE00602402 /* Build configuration list for PBXNativeTarget "Veegil_Test_Bank_AppUITests" */ = {
			isa = XCConfigurationList;
			buildConfigurations = (
				B45F65E62B1942EE00602402 /* Debug */,
				B45F65E72B1942EE00602402 /* Release */,
			);
			defaultConfigurationIsVisible = 0;
			defaultConfigurationName = Release;
		};
/* End XCConfigurationList section */
	};
	rootObject = B45F65B32B1942EC00602402 /* Project object */;
}
